
Microsoft Visual Studio Solution File, Format Version 12.00
# Visual Studio 2012
Project("{FAE04EC0-301F-11D3-BF4B-00C04F79EFBC}") = "aspnet.mvc", "examples\aspnet.mvc\aspnet.mvc.csproj", "{02B525BD-D247-412A-BE83-0C75D928161B}"
EndProject
Project("{E24C65DC-7377-472B-9ABA-BC803B73C61A}") = "nodejs", "examples\nodejs\", "{1DDD995F-19BA-4221-AADA-B0987F4A9467}"
	ProjectSection(WebsiteProperties) = preProject
		TargetFrameworkMoniker = ".NETFramework,Version%3Dv4.0"
		Debug.AspNetCompiler.VirtualPath = "/nodejs"
		Debug.AspNetCompiler.PhysicalPath = "examples\nodejs\"
		Debug.AspNetCompiler.TargetPath = "PrecompiledWeb\nodejs\"
		Debug.AspNetCompiler.Updateable = "true"
		Debug.AspNetCompiler.ForceOverwrite = "true"
		Debug.AspNetCompiler.FixedNames = "false"
		Debug.AspNetCompiler.Debug = "True"
		Release.AspNetCompiler.VirtualPath = "/nodejs"
		Release.AspNetCompiler.PhysicalPath = "examples\nodejs\"
		Release.AspNetCompiler.TargetPath = "PrecompiledWeb\nodejs\"
		Release.AspNetCompiler.Updateable = "true"
		Release.AspNetCompiler.ForceOverwrite = "true"
		Release.AspNetCompiler.FixedNames = "false"
		Release.AspNetCompiler.Debug = "False"
		VWDPort = "36702"
	EndProjectSection
EndProject
Project("{2150E333-8FDC-42A3-9474-1A3956D46DE8}") = "examples", "examples", "{A855D1EF-0DC2-44A3-A207-45FE7BB9169A}"
EndProject
Project("{E24C65DC-7377-472B-9ABA-BC803B73C61A}") = "main", "main\", "{9F383080-0AAD-481A-A021-7E3DF5670772}"
	ProjectSection(WebsiteProperties) = preProject
		TargetFrameworkMoniker = ".NETFramework,Version%3Dv4.0"
		Debug.AspNetCompiler.VirtualPath = "/main"
		Debug.AspNetCompiler.PhysicalPath = "main\"
		Debug.AspNetCompiler.TargetPath = "PrecompiledWeb\main\"
		Debug.AspNetCompiler.Updateable = "true"
		Debug.AspNetCompiler.ForceOverwrite = "true"
		Debug.AspNetCompiler.FixedNames = "false"
		Debug.AspNetCompiler.Debug = "True"
		Release.AspNetCompiler.VirtualPath = "/main"
		Release.AspNetCompiler.PhysicalPath = "main\"
		Release.AspNetCompiler.TargetPath = "PrecompiledWeb\main\"
		Release.AspNetCompiler.Updateable = "true"
		Release.AspNetCompiler.ForceOverwrite = "true"
		Release.AspNetCompiler.FixedNames = "false"
		Release.AspNetCompiler.Debug = "False"
		VWDPort = "36730"
	EndProjectSection
EndProject
Global
	GlobalSection(SolutionConfigurationPlatforms) = preSolution
		Debug|Any CPU = Debug|Any CPU
		Release|Any CPU = Release|Any CPU
	EndGlobalSection
	GlobalSection(ProjectConfigurationPlatforms) = postSolution
		{02B525BD-D247-412A-BE83-0C75D928161B}.Debug|Any CPU.ActiveCfg = Debug|Any CPU
		{02B525BD-D247-412A-BE83-0C75D928161B}.Debug|Any CPU.Build.0 = Debug|Any CPU
		{02B525BD-D247-412A-BE83-0C75D928161B}.Release|Any CPU.ActiveCfg = Release|Any CPU
		{02B525BD-D247-412A-BE83-0C75D928161B}.Release|Any CPU.Build.0 = Release|Any CPU
		{1DDD995F-19BA-4221-AADA-B0987F4A9467}.Debug|Any CPU.ActiveCfg = Debug|Any CPU
		{1DDD995F-19BA-4221-AADA-B0987F4A9467}.Debug|Any CPU.Build.0 = Debug|Any CPU
		{1DDD995F-19BA-4221-AADA-B0987F4A9467}.Release|Any CPU.ActiveCfg = Debug|Any CPU
		{1DDD995F-19BA-4221-AADA-B0987F4A9467}.Release|Any CPU.Build.0 = Debug|Any CPU
		{9F383080-0AAD-481A-A021-7E3DF5670772}.Debug|Any CPU.ActiveCfg = Debug|Any CPU
		{9F383080-0AAD-481A-A021-7E3DF5670772}.Debug|Any CPU.Build.0 = Debug|Any CPU
		{9F383080-0AAD-481A-A021-7E3DF5670772}.Release|Any CPU.ActiveCfg = Debug|Any CPU
		{9F383080-0AAD-481A-A021-7E3DF5670772}.Release|Any CPU.Build.0 = Debug|Any CPU
	EndGlobalSection
	GlobalSection(SolutionProperties) = preSolution
		HideSolutionNode = FALSE
	EndGlobalSection
	GlobalSection(NestedProjects) = preSolution
		{02B525BD-D247-412A-BE83-0C75D928161B} = {A855D1EF-0DC2-44A3-A207-45FE7BB9169A}
		{1DDD995F-19BA-4221-AADA-B0987F4A9467} = {A855D1EF-0DC2-44A3-A207-45FE7BB9169A}
	EndGlobalSection
EndGlobal
